
Microsoft Visual Studio Solution File, Format Version 12.00
# Visual Studio 15
VisualStudioVersion = 15.0.27130.2020
MinimumVisualStudioVersion = 10.0.40219.1
Project("{FAE04EC0-301F-11D3-BF4B-00C04F79EFBC}") = "Teste", "Teste\Teste.csproj", "{7911210A-4D27-4DA8-B919-22B3C3C591B3}"
EndProject
Project("{FAE04EC0-301F-11D3-BF4B-00C04F79EFBC}") = "Teste.BLL", "Teste.BLL\Teste.BLL.csproj", "{73412867-44FF-4BEE-BC78-9E2D898BB749}"
EndProject
Project("{FAE04EC0-301F-11D3-BF4B-00C04F79EFBC}") = "Teste.DAL", "Teste.DAL\Teste.DAL.csproj", "{09A1C092-752C-4CCA-884F-9D84D6992F64}"
EndProject
Global
	GlobalSection(SolutionConfigurationPlatforms) = preSolution
		Debug|Any CPU = Debug|Any CPU
		Release|Any CPU = Release|Any CPU
	EndGlobalSection
	GlobalSection(ProjectConfigurationPlatforms) = postSolution
		{7911210A-4D27-4DA8-B919-22B3C3C591B3}.Debug|Any CPU.ActiveCfg = Debug|Any CPU
		{7911210A-4D27-4DA8-B919-22B3C3C591B3}.Debug|Any CPU.Build.0 = Debug|Any CPU
		{7911210A-4D27-4DA8-B919-22B3C3C591B3}.Release|Any CPU.ActiveCfg = Release|Any CPU
		{7911210A-4D27-4DA8-B919-22B3C3C591B3}.Release|Any CPU.Build.0 = Release|Any CPU
		{73412867-44FF-4BEE-BC78-9E2D898BB749}.Debug|Any CPU.ActiveCfg = Debug|Any CPU
		{73412867-44FF-4BEE-BC78-9E2D898BB749}.Debug|Any CPU.Build.0 = Debug|Any CPU
		{73412867-44FF-4BEE-BC78-9E2D898BB749}.Release|Any CPU.ActiveCfg = Release|Any CPU
		{73412867-44FF-4BEE-BC78-9E2D898BB749}.Release|Any CPU.Build.0 = Release|Any CPU
		{09A1C092-752C-4CCA-884F-9D84D6992F64}.Debug|Any CPU.ActiveCfg = Debug|Any CPU
		{09A1C092-752C-4CCA-884F-9D84D6992F64}.Debug|Any CPU.Build.0 = Debug|Any CPU
		{09A1C092-752C-4CCA-884F-9D84D6992F64}.Release|Any CPU.ActiveCfg = Release|Any CPU
		{09A1C092-752C-4CCA-884F-9D84D6992F64}.Release|Any CPU.Build.0 = Release|Any CPU
	EndGlobalSection
	GlobalSection(SolutionProperties) = preSolution
		HideSolutionNode = FALSE
	EndGlobalSection
	GlobalSection(ExtensibilityGlobals) = postSolution
		SolutionGuid = {F727D7F9-31DE-4463-B124-757B407B7B92}
	EndGlobalSection
EndGlobal
